// !$*UTF8*$!
{
	archiveVersion = 1;
	classes = {
	};
	objectVersion = 50;
	objects = {

/* Begin PBXBuildFile section */
		858D3FDE2086E18C00BDA1DE /* AppDelegate.swift in Sources */ = {isa = PBXBuildFile; fileRef = 858D3FDD2086E18C00BDA1DE /* AppDelegate.swift */; };
		858D3FE02086E18C00BDA1DE /* ViewController.swift in Sources */ = {isa = PBXBuildFile; fileRef = 858D3FDF2086E18C00BDA1DE /* ViewController.swift */; };
		858D3FE32086E18C00BDA1DE /* Main.storyboard in Resources */ = {isa = PBXBuildFile; fileRef = 858D3FE12086E18C00BDA1DE /* Main.storyboard */; };
		858D3FE52086E18F00BDA1DE /* Assets.xcassets in Resources */ = {isa = PBXBuildFile; fileRef = 858D3FE42086E18F00BDA1DE /* Assets.xcassets */; };
		858D3FE82086E18F00BDA1DE /* LaunchScreen.storyboard in Resources */ = {isa = PBXBuildFile; fileRef = 858D3FE62086E18F00BDA1DE /* LaunchScreen.storyboard */; };
		858D3FF22086E1A500BDA1DE /* HWQSecondMenuController.swift in Sources */ = {isa = PBXBuildFile; fileRef = 858D3FF02086E1A500BDA1DE /* HWQSecondMenuController.swift */; };
		858D3FF32086E1A500BDA1DE /* SecondMenuCell.swift in Sources */ = {isa = PBXBuildFile; fileRef = 858D3FF12086E1A500BDA1DE /* SecondMenuCell.swift */; };
/* End PBXBuildFile section */

/* Begin PBXFileReference section */
		858D3FDA2086E18C00BDA1DE /* HWQSecondMenu.app */ = {isa = PBXFileReference; explicitFileType = wrapper.application; includeInIndex = 0; path = HWQSecondMenu.app; sourceTree = BUILT_PRODUCTS_DIR; };
		858D3FDD2086E18C00BDA1DE /* AppDelegate.swift */ = {isa = PBXFileReference; lastKnownFileType = sourcecode.swift; path = AppDelegate.swift; sourceTree = "<group>"; };
		858D3FDF2086E18C00BDA1DE /* ViewController.swift */ = {isa = PBXFileReference; lastKnownFileType = sourcecode.swift; path = ViewController.swift; sourceTree = "<group>"; };
		858D3FE22086E18C00BDA1DE /* Base */ = {isa = PBXFileReference; lastKnownFileType = file.storyboard; name = Base; path = Base.lproj/Main.storyboard; sourceTree = "<group>"; };
		858D3FE42086E18F00BDA1DE /* Assets.xcassets */ = {isa = PBXFileReference; lastKnownFileType = folder.assetcatalog; path = Assets.xcassets; sourceTree = "<group>"; };
		858D3FE72086E18F00BDA1DE /* Base */ = {isa = PBXFileReference; lastKnownFileType = file.storyboard; name = Base; path = Base.lproj/LaunchScreen.storyboard; sourceTree = "<group>"; };
		858D3FE92086E18F00BDA1DE /* Info.plist */ = {isa = PBXFileReference; lastKnownFileType = text.plist.xml; path = Info.plist; sourceTree = "<group>"; };
		858D3FF02086E1A500BDA1DE /* HWQSecondMenuController.swift */ = {isa = PBXFileReference; fileEncoding = 4; lastKnownFileType = sourcecode.swift; path = HWQSecondMenuController.swift; sourceTree = "<group>"; };
		858D3FF12086E1A500BDA1DE /* SecondMenuCell.swift */ = {isa = PBXFileReference; fileEncoding = 4; lastKnownFileType = sourcecode.swift; path = SecondMenuCell.swift; sourceTree = "<group>"; };
/* End PBXFileReference section */

/* Begin PBXFrameworksBuildPhase section */
		858D3FD72086E18C00BDA1DE /* Frameworks */ = {
			isa = PBXFrameworksBuildPhase;
			buildActionMask = 2147483647;
			files = (
			);
			runOnlyForDeploymentPostprocessing = 0;
		};
/* End PBXFrameworksBuildPhase section */

/* Begin PBXGroup section */
		858D3FD12086E18C00BDA1DE = {
			isa = PBXGroup;
			children = (
				858D3FDC2086E18C00BDA1DE /* HWQSecondMenu */,
				858D3FDB2086E18C00BDA1DE /* Products */,
			);
			sourceTree = "<group>";
		};
		858D3FDB2086E18C00BDA1DE /* Products */ = {
			isa = PBXGroup;
			children = (
				858D3FDA2086E18C00BDA1DE /* HWQSecondMenu.app */,
			);
			name = Products;
			sourceTree = "<group>";
		};
		858D3FDC2086E18C00BDA1DE /* HWQSecondMenu */ = {
			isa = PBXGroup;
			children = (
				858D3FEF2086E1A500BDA1DE /* HWQSecondMenu */,
				858D3FDD2086E18C00BDA1DE /* AppDelegate.swift */,
				858D3FDF2086E18C00BDA1DE /* ViewController.swift */,
				858D3FE12086E18C00BDA1DE /* Main.storyboard */,
				858D3FE42086E18F00BDA1DE /* Assets.xcassets */,
				858D3FE62086E18F00BDA1DE /* LaunchScreen.storyboard */,
				858D3FE92086E18F00BDA1DE /* Info.plist */,
			);
			path = HWQSecondMenu;
			sourceTree = "<group>";
		};
		858D3FEF2086E1A500BDA1DE /* HWQSecondMenu */ = {
			isa = PBXGroup;
			children = (
				858D3FF02086E1A500BDA1DE /* HWQSecondMenuController.swift */,
				858D3FF12086E1A500BDA1DE /* SecondMenuCell.swift */,
			);
			path = HWQSecondMenu;
			sourceTree = "<group>";
		};
/* End PBXGroup section */

/* Begin PBXNativeTarget section */
		858D3FD92086E18C00BDA1DE /* HWQSecondMenu */ = {
			isa = PBXNativeTarget;
			buildConfigurationList = 858D3FEC2086E18F00BDA1DE /* Build configuration list for PBXNativeTarget "HWQSecondMenu" */;
			buildPhases = (
				858D3FD62086E18C00BDA1DE /* Sources */,
				858D3FD72086E18C00BDA1DE /* Frameworks */,
				858D3FD82086E18C00BDA1DE /* Resources */,
			);
			buildRules = (
			);
			dependencies = (
			);
			name = HWQSecondMenu;
			productName = HWQSecondMenu;
			productReference = 858D3FDA2086E18C00BDA1DE /* HWQSecondMenu.app */;
			productType = "com.apple.product-type.application";
		};
/* End PBXNativeTarget section */

/* Begin PBXProject section */
		858D3FD22086E18C00BDA1DE /* Project object */ = {
			isa = PBXProject;
			attributes = {
				LastSwiftUpdateCheck = 0930;
				LastUpgradeCheck = 0930;
				ORGANIZATIONNAME = hwq;
				TargetAttributes = {
					858D3FD92086E18C00BDA1DE = {
						CreatedOnToolsVersion = 9.3;
					};
				};
			};
			buildConfigurationList = 858D3FD52086E18C00BDA1DE /* Build configuration list for PBXProject "HWQSecondMenu" */;
			compatibilityVersion = "Xcode 9.3";
			developmentRegion = en;
			hasScannedForEncodings = 0;
			knownRegions = (
				en,
				Base,
			);
			mainGroup = 858D3FD12086E18C00BDA1DE;
			productRefGroup = 858D3FDB2086E18C00BDA1DE /* Products */;
			projectDirPath = "";
			projectRoot = "";
			targets = (
				858D3FD92086E18C00BDA1DE /* HWQSecondMenu */,
			);
		};
/* End PBXProject section */

/* Begin PBXResourcesBuildPhase section */
		858D3FD82086E18C00BDA1DE /* Resources */ = {
			isa = PBXResourcesBuildPhase;
			buildActionMask = 2147483647;
			files = (
				858D3FE82086E18F00BDA1DE /* LaunchScreen.storyboard in Resources */,
				858D3FE52086E18F00BDA1DE /* Assets.xcassets in Resources */,
				858D3FE32086E18C00BDA1DE /* Main.storyboard in Resources */,
			);
			runOnlyForDeploymentPostprocessing = 0;
		};
/* End PBXResourcesBuildPhase section */

/* Begin PBXSourcesBuildPhase section */
		858D3FD62086E18C00BDA1DE /* Sources */ = {
			isa = PBXSourcesBuildPhase;
			buildActionMask = 2147483647;
			files = (
				858D3FF32086E1A500BDA1DE /* SecondMenuCell.swift in Sources */,
				858D3FE02086E18C00BDA1DE /* ViewController.swift in Sources */,
				858D3FDE2086E18C00BDA1DE /* AppDelegate.swift in Sources */,
				858D3FF22086E1A500BDA1DE /* HWQSecondMenuController.swift in Sources */,
			);
			runOnlyForDeploymentPostprocessing = 0;
		};
/* End PBXSourcesBuildPhase section */

/* Begin PBXVariantGroup section */
		858D3FE12086E18C00BDA1DE /* Main.storyboard */ = {
			isa = PBXVariantGroup;
			children = (
				858D3FE22086E18C00BDA1DE /* Base */,
			);
			name = Main.storyboard;
			sourceTree = "<group>";
		};
		858D3FE62086E18F00BDA1DE /* LaunchScreen.storyboard */ = {
			isa = PBXVariantGroup;
			children = (
				858D3FE72086E18F00BDA1DE /* Base */,
			);
			name = LaunchScreen.storyboard;
			sourceTree = "<group>";
		};
/* End PBXVariantGroup section */

/* Begin XCBuildConfiguration section */
		858D3FEA2086E18F00BDA1DE /* Debug */ = {
			isa = XCBuildConfiguration;
			buildSettings = {
				ALWAYS_SEARCH_USER_PATHS = NO;
				CLANG_ANALYZER_NONNULL = YES;
				CLANG_ANALYZER_NUMBER_OBJECT_CONVERSION = YES_AGGRESSIVE;
				CLANG_CXX_LANGUAGE_STANDARD = "gnu++14";
				CLANG_CXX_LIBRARY = "libc++";
				CLANG_ENABLE_MODULES = YES;
				CLANG_ENABLE_OBJC_ARC = YES;
				CLANG_ENABLE_OBJC_WEAK = YES;
				CLANG_WARN_BLOCK_CAPTURE_AUTORELEASING = YES;
				CLANG_WARN_BOOL_CONVERSION = YES;
				CLANG_WARN_COMMA = YES;
				CLANG_WARN_CONSTANT_CONVERSION = YES;
				CLANG_WARN_DEPRECATED_OBJC_IMPLEMENTATIONS = YES;
				CLANG_WARN_DIRECT_OBJC_ISA_USAGE = YES_ERROR;
				CLANG_WARN_DOCUMENTATION_COMMENTS = YES;
				CLANG_WARN_EMPTY_BODY = YES;
				CLANG_WARN_ENUM_CONVERSION = YES;
				CLANG_WARN_INFINITE_RECURSION = YES;
				CLANG_WARN_INT_CONVERSION = YES;
				CLANG_WARN_NON_LITERAL_NULL_CONVERSION = YES;
				CLANG_WARN_OBJC_IMPLICIT_RETAIN_SELF = YES;
				CLANG_WARN_OBJC_LITERAL_CONVERSION = YES;
				CLANG_WARN_OBJC_ROOT_CLASS = YES_ERROR;
				CLANG_WARN_RANGE_LOOP_ANALYSIS = YES;
				CLANG_WARN_STRICT_PROTOTYPES = YES;
				CLANG_WARN_SUSPICIOUS_MOVE = YES;
				CLANG_WARN_UNGUARDED_AVAILABILITY = YES_AGGRESSIVE;
				CLANG_WARN_UNREACHABLE_CODE = YES;
				CLANG_WARN__DUPLICATE_METHOD_MATCH = YES;
				CODE_SIGN_IDENTITY = "iPhone Developer";
				COPY_PHASE_STRIP = NO;
				DEBUG_INFORMATION_FORMAT = dwarf;
				ENABLE_STRICT_OBJC_MSGSEND = YES;
				ENABLE_TESTABILITY = YES;
				GCC_C_LANGUAGE_STANDARD = gnu11;
				GCC_DYNAMIC_NO_PIC = NO;
				GCC_NO_COMMON_BLOCKS = YES;
				GCC_OPTIMIZATION_LEVEL = 0;
				GCC_PREPROCESSOR_DEFINITIONS = (
					"DEBUG=1",
					"$(inherited)",
				);
				GCC_WARN_64_TO_32_BIT_CONVERSION = YES;
				GCC_WARN_ABOUT_RETURN_TYPE = YES_ERROR;
				GCC_WARN_UNDECLARED_SELECTOR = YES;
				GCC_WARN_UNINITIALIZED_AUTOS = YES_AGGRESSIVE;
				GCC_WARN_UNUSED_FUNCTION = YES;
				GCC_WARN_UNUSED_VARIABLE = YES;
				IPHONEOS_DEPLOYMENT_TARGET = 11.3;
				MTL_ENABLE_DEBUG_INFO = YES;
				ONLY_ACTIVE_ARCH = YES;
				SDKROOT = iphoneos;
				SWIFT_ACTIVE_COMPILATION_CONDITIONS = DEBUG;
				SWIFT_OPTIMIZATION_LEVEL = "-Onone";
			};
			name = Debug;
		};
		858D3FEB2086E18F00BDA1DE /* Release */ = {
			isa = XCBuildConfiguration;
			buildSettings = {
				ALWAYS_SEARCH_USER_PATHS = NO;
				CLANG_ANALYZER_NONNULL = YES;
				CLANG_ANALYZER_NUMBER_OBJECT_CONVERSION = YES_AGGRESSIVE;
				CLANG_CXX_LANGUAGE_STANDARD = "gnu++14";
				CLANG_CXX_LIBRARY = "libc++";
				CLANG_ENABLE_MODULES = YES;
				CLANG_ENABLE_OBJC_ARC = YES;
				CLANG_ENABLE_OBJC_WEAK = YES;
				CLANG_WARN_BLOCK_CAPTURE_AUTORELEASING = YES;
				CLANG_WARN_BOOL_CONVERSION = YES;
				CLANG_WARN_COMMA = YES;
				CLANG_WARN_CONSTANT_CONVERSION = YES;
				CLANG_WARN_DEPRECATED_OBJC_IMPLEMENTATIONS = YES;
				CLANG_WARN_DIRECT_OBJC_ISA_USAGE = YES_ERROR;
				CLANG_WARN_DOCUMENTATION_COMMENTS = YES;
				CLANG_WARN_EMPTY_BODY = YES;
				CLANG_WARN_ENUM_CONVERSION = YES;
				CLANG_WARN_INFINITE_RECURSION = YES;
				CLANG_WARN_INT_CONVERSION = YES;
				CLANG_WARN_NON_LITERAL_NULL_CONVERSION = YES;
				CLANG_WARN_OBJC_IMPLICIT_RETAIN_SELF = YES;
				CLANG_WARN_OBJC_LITERAL_CONVERSION = YES;
				CLANG_WARN_OBJC_ROOT_CLASS = YES_ERROR;
				CLANG_WARN_RANGE_LOOP_ANALYSIS = YES;
				CLANG_WARN_STRICT_PROTOTYPES = YES;
				CLANG_WARN_SUSPICIOUS_MOVE = YES;
				CLANG_WARN_UNGUARDED_AVAILABILITY = YES_AGGRESSIVE;
				CLANG_WARN_UNREACHABLE_CODE = YES;
				CLANG_WARN__DUPLICATE_METHOD_MATCH = YES;
				CODE_SIGN_IDENTITY = "iPhone Developer";
				COPY_PHASE_STRIP = NO;
				DEBUG_INFORMATION_FORMAT = "dwarf-with-dsym";
				ENABLE_NS_ASSERTIONS = NO;
				ENABLE_STRICT_OBJC_MSGSEND = YES;
				GCC_C_LANGUAGE_STANDARD = gnu11;
				GCC_NO_COMMON_BLOCKS = YES;
				GCC_WARN_64_TO_32_BIT_CONVERSION = YES;
				GCC_WARN_ABOUT_RETURN_TYPE = YES_ERROR;
				GCC_WARN_UNDECLARED_SELECTOR = YES;
				GCC_WARN_UNINITIALIZED_AUTOS = YES_AGGRESSIVE;
				GCC_WARN_UNUSED_FUNCTION = YES;
				GCC_WARN_UNUSED_VARIABLE = YES;
				IPHONEOS_DEPLOYMENT_TARGET = 11.3;
				MTL_ENABLE_DEBUG_INFO = NO;
				SDKROOT = iphoneos;
				SWIFT_COMPILATION_MODE = wholemodule;
				SWIFT_OPTIMIZATION_LEVEL = "-O";
				VALIDATE_PRODUCT = YES;
			};
			name = Release;
		};
		858D3FED2086E18F00BDA1DE /* Debug */ = {
			isa = XCBuildConfiguration;
			buildSettings = {
				ASSETCATALOG_COMPILER_APPICON_NAME = AppIcon;
				CODE_SIGN_STYLE = Automatic;
				DEVELOPMENT_TEAM = 55RFX6KFS7;
				INFOPLIST_FILE = HWQSecondMenu/Info.plist;
				LD_RUNPATH_SEARCH_PATHS = (
					"$(inherited)",
					"@executable_path/Frameworks",
				);
				PRODUCT_BUNDLE_IDENTIFIER = com.hwq.HWQSecondMenu;
				PRODUCT_NAME = "$(TARGET_NAME)";
				SWIFT_VERSION = 4.0;
				TARGETED_DEVICE_FAMILY = "1,2";
			};
			name = Debug;
		};
		858D3FEE2086E18F00BDA1DE /* Release */ = {
			isa = XCBuildConfiguration;
			buildSettings = {
				ASSETCATALOG_COMPILER_APPICON_NAME = AppIcon;
				CODE_SIGN_STYLE = Automatic;
				DEVELOPMENT_TEAM = 55RFX6KFS7;
				INFOPLIST_FILE = HWQSecondMenu/Info.plist;
				LD_RUNPATH_SEARCH_PATHS = (
					"$(inherited)",
					"@executable_path/Frameworks",
				);
				PRODUCT_BUNDLE_IDENTIFIER = com.hwq.HWQSecondMenu;
				PRODUCT_NAME = "$(TARGET_NAME)";
				SWIFT_VERSION = 4.0;
				TARGETED_DEVICE_FAMILY = "1,2";
			};
			name = Release;
		};
/* End XCBuildConfiguration section */

/* Begin XCConfigurationList section */
		858D3FD52086E18C00BDA1DE /* Build configuration list for PBXProject "HWQSecondMenu" */ = {
			isa = XCConfigurationList;
			buildConfigurations = (
				858D3FEA2086E18F00BDA1DE /* Debug */,
				858D3FEB2086E18F00BDA1DE /* Release */,
			);
			defaultConfigurationIsVisible = 0;
			defaultConfigurationName = Release;
		};
		858D3FEC2086E18F00BDA1DE /* Build configuration list for PBXNativeTarget "HWQSecondMenu" */ = {
			isa = XCConfigurationList;
			buildConfigurations = (
				858D3FED2086E18F00BDA1DE /* Debug */,
				858D3FEE2086E18F00BDA1DE /* Release */,
			);
			defaultConfigurationIsVisible = 0;
			defaultConfigurationName = Release;
		};
/* End XCConfigurationList section */
	};
	rootObject = 858D3FD22086E18C00BDA1DE /* Project object */;
}
